
Microsoft Visual Studio Solution File, Format Version 12.00
# Visual Studio Version 17
VisualStudioVersion = 17.9.34728.123
MinimumVisualStudioVersion = 10.0.40219.1
Project("{9A19103F-16F7-4668-BE54-9A1E7A4F7556}") = "TodoApp.WinForms", "TodoApp.WinForms\TodoApp.WinForms.csproj", "{EFFEC8AA-57DD-4882-80DD-1BB48DAC91FD}"
EndProject
Project("{9A19103F-16F7-4668-BE54-9A1E7A4F7556}") = "TodoApp.Core", "TodoApp.Core\TodoApp.Core.csproj", "{AFFCC19E-DB39-4B53-B316-91EF5A6DF3EF}"
EndProject
Project("{9A19103F-16F7-4668-BE54-9A1E7A4F7556}") = "TodoApp.Infrastructure", "TodoApp.Infrastructure\TodoApp.Infrastructure.csproj", "{D9C62896-D2CF-48C1-9620-FDB6254546B2}"
EndProject
Project("{9A19103F-16F7-4668-BE54-9A1E7A4F7556}") = "TodoApp.Tools", "TodoApp.Tools\TodoApp.Tools.csproj", "{4C6C10A7-A992-4814-A8EA-971488D5F92D}"
EndProject
Project("{FAE04EC0-301F-11D3-BF4B-00C04F79EFBC}") = "TodoApp.Infrastructure.Tests", "TodoApp.Tests\TodoApp.Infrastructure.Tests.csproj", "{D5A13408-617D-4DCB-B80E-5AE0A272BCF9}"
EndProject
Global
	GlobalSection(SolutionConfigurationPlatforms) = preSolution
		Debug|Any CPU = Debug|Any CPU
		Release|Any CPU = Release|Any CPU
	EndGlobalSection
	GlobalSection(ProjectConfigurationPlatforms) = postSolution
		{EFFEC8AA-57DD-4882-80DD-1BB48DAC91FD}.Debug|Any CPU.ActiveCfg = Debug|Any CPU
		{EFFEC8AA-57DD-4882-80DD-1BB48DAC91FD}.Debug|Any CPU.Build.0 = Debug|Any CPU
		{EFFEC8AA-57DD-4882-80DD-1BB48DAC91FD}.Release|Any CPU.ActiveCfg = Release|Any CPU
		{EFFEC8AA-57DD-4882-80DD-1BB48DAC91FD}.Release|Any CPU.Build.0 = Release|Any CPU
		{AFFCC19E-DB39-4B53-B316-91EF5A6DF3EF}.Debug|Any CPU.ActiveCfg = Debug|Any CPU
		{AFFCC19E-DB39-4B53-B316-91EF5A6DF3EF}.Debug|Any CPU.Build.0 = Debug|Any CPU
		{AFFCC19E-DB39-4B53-B316-91EF5A6DF3EF}.Release|Any CPU.ActiveCfg = Release|Any CPU
		{AFFCC19E-DB39-4B53-B316-91EF5A6DF3EF}.Release|Any CPU.Build.0 = Release|Any CPU
		{D9C62896-D2CF-48C1-9620-FDB6254546B2}.Debug|Any CPU.ActiveCfg = Debug|Any CPU
		{D9C62896-D2CF-48C1-9620-FDB6254546B2}.Debug|Any CPU.Build.0 = Debug|Any CPU
		{D9C62896-D2CF-48C1-9620-FDB6254546B2}.Release|Any CPU.ActiveCfg = Release|Any CPU
		{D9C62896-D2CF-48C1-9620-FDB6254546B2}.Release|Any CPU.Build.0 = Release|Any CPU
		{4C6C10A7-A992-4814-A8EA-971488D5F92D}.Debug|Any CPU.ActiveCfg = Debug|Any CPU
		{4C6C10A7-A992-4814-A8EA-971488D5F92D}.Debug|Any CPU.Build.0 = Debug|Any CPU
		{4C6C10A7-A992-4814-A8EA-971488D5F92D}.Release|Any CPU.ActiveCfg = Release|Any CPU
		{4C6C10A7-A992-4814-A8EA-971488D5F92D}.Release|Any CPU.Build.0 = Release|Any CPU
		{D5A13408-617D-4DCB-B80E-5AE0A272BCF9}.Debug|Any CPU.ActiveCfg = Debug|Any CPU
		{D5A13408-617D-4DCB-B80E-5AE0A272BCF9}.Debug|Any CPU.Build.0 = Debug|Any CPU
		{D5A13408-617D-4DCB-B80E-5AE0A272BCF9}.Release|Any CPU.ActiveCfg = Release|Any CPU
		{D5A13408-617D-4DCB-B80E-5AE0A272BCF9}.Release|Any CPU.Build.0 = Release|Any CPU
	EndGlobalSection
	GlobalSection(SolutionProperties) = preSolution
		HideSolutionNode = FALSE
	EndGlobalSection
	GlobalSection(ExtensibilityGlobals) = postSolution
		SolutionGuid = {AD28E5D8-A327-4FBB-8D04-41ED05A0785F}
	EndGlobalSection
EndGlobal
